
Microsoft Visual Studio Solution File, Format Version 12.00
# Visual Studio Version 16
VisualStudioVersion = 16.0.29709.97
MinimumVisualStudioVersion = 10.0.40219.1
Project("{9A19103F-16F7-4668-BE54-9A1E7A4F7556}") = "TheStarWarsProject", "TheStarWarsProject.csproj", "{42500821-0E41-4345-911B-48D5AAA6BEC8}"
EndProject
Project("{FAE04EC0-301F-11D3-BF4B-00C04F79EFBC}") = "XUnitTestTheStarWarsProject", "..\XUnitTestTheStarWarsProject\XUnitTestTheStarWarsProject.csproj", "{BD22434F-D36D-4804-AEA5-DB6FCB10E216}"
EndProject
Global
	GlobalSection(SolutionConfigurationPlatforms) = preSolution
		Debug|Any CPU = Debug|Any CPU
		Release|Any CPU = Release|Any CPU
	EndGlobalSection
	GlobalSection(ProjectConfigurationPlatforms) = postSolution
		{42500821-0E41-4345-911B-48D5AAA6BEC8}.Debug|Any CPU.ActiveCfg = Debug|Any CPU
		{42500821-0E41-4345-911B-48D5AAA6BEC8}.Debug|Any CPU.Build.0 = Debug|Any CPU
		{42500821-0E41-4345-911B-48D5AAA6BEC8}.Release|Any CPU.ActiveCfg = Release|Any CPU
		{42500821-0E41-4345-911B-48D5AAA6BEC8}.Release|Any CPU.Build.0 = Release|Any CPU
		{BD22434F-D36D-4804-AEA5-DB6FCB10E216}.Debug|Any CPU.ActiveCfg = Debug|Any CPU
		{BD22434F-D36D-4804-AEA5-DB6FCB10E216}.Debug|Any CPU.Build.0 = Debug|Any CPU
		{BD22434F-D36D-4804-AEA5-DB6FCB10E216}.Release|Any CPU.ActiveCfg = Release|Any CPU
		{BD22434F-D36D-4804-AEA5-DB6FCB10E216}.Release|Any CPU.Build.0 = Release|Any CPU
	EndGlobalSection
	GlobalSection(SolutionProperties) = preSolution
		HideSolutionNode = FALSE
	EndGlobalSection
	GlobalSection(ExtensibilityGlobals) = postSolution
		SolutionGuid = {7A69104D-908F-40A7-8E42-2155C148E783}
	EndGlobalSection
EndGlobal
